
Microsoft Visual Studio Solution File, Format Version 12.00
# Visual Studio Version 17
VisualStudioVersion = 17.10.34916.146
MinimumVisualStudioVersion = 10.0.40219.1
Project("{FAE04EC0-301F-11D3-BF4B-00C04F79EFBC}") = "Calculadora Média", "Calculadora Média\Calculadora Média.csproj", "{6810E8F9-14EC-49D0-9B9E-EE72D95C6B51}"
EndProject
Global
	GlobalSection(SolutionConfigurationPlatforms) = preSolution
		Debug|Any CPU = Debug|Any CPU
		Release|Any CPU = Release|Any CPU
	EndGlobalSection
	GlobalSection(ProjectConfigurationPlatforms) = postSolution
		{6810E8F9-14EC-49D0-9B9E-EE72D95C6B51}.Debug|Any CPU.ActiveCfg = Debug|Any CPU
		{6810E8F9-14EC-49D0-9B9E-EE72D95C6B51}.Debug|Any CPU.Build.0 = Debug|Any CPU
		{6810E8F9-14EC-49D0-9B9E-EE72D95C6B51}.Release|Any CPU.ActiveCfg = Release|Any CPU
		{6810E8F9-14EC-49D0-9B9E-EE72D95C6B51}.Release|Any CPU.Build.0 = Release|Any CPU
	EndGlobalSection
	GlobalSection(SolutionProperties) = preSolution
		HideSolutionNode = FALSE
	EndGlobalSection
	GlobalSection(ExtensibilityGlobals) = postSolution
		SolutionGuid = {39135590-375B-4525-A6D4-56BD1C66F9AC}
	EndGlobalSection
EndGlobal
